{
  "name": "nestable2",
  "version": "1.3.1",
  "lockfileVersion": 1,
  "requires": true,
  "dependencies": {
    "gulp": {
      "version": "3.9.1",
      "resolved": "https://registry.npmjs.org/gulp/-/gulp-3.9.1.tgz",
      "integrity": "sha1-VxzkWSjdQK9lFPxAEYZgFsE4RbQ=",
      "dev": true
    },
    "gulp-clean-css": {
      "version": "3.4.2",
      "resolved": "https://registry.npmjs.org/gulp-clean-css/-/gulp-clean-css-3.4.2.tgz",
      "integrity": "sha1-BDh+F6iKoPKdiO2vyhZAPbsQbV0=",
      "dev": true
    },
    "gulp-eslint": {
      "version": "4.0.0",
      "resolved": "https://registry.npmjs.org/gulp-eslint/-/gulp-eslint-4.0.0.tgz",
      "integrity": "sha512-+qsePo04v1O3JshpNvww9+bOgZEJ6Cc2/w3mEktfKz0NL0zsh1SWzjyIL2FIM2zzy6IYQYv+j8REZORF8dKX4g==",
      "dev": true
    },
    "gulp-uglify": {
      "version": "3.0.0",
      "resolved": "https://registry.npmjs.org/gulp-uglify/-/gulp-uglify-3.0.0.tgz",
      "integrity": "sha1-DfAzHXKg0wLj434QlIXd3zPG0co=",
      "dev": true,
      "dependencies": {
        "lodash": {
          "version": "4.17.4",
          "resolved": "https://registry.npmjs.org/lodash/-/lodash-4.17.4.tgz",
          "integrity": "sha1-eCA6TRwyiuHYbcpkYONptX9AVa4="
        }
      }
    },
    "jquery": {
      "version": "3.5.0",
      "resolved": "https://registry.npmjs.org/jquery/-/jquery-3.5.0.tgz",
      "integrity": "sha512-Xb7SVYMvygPxbFMpTFQiHh1J7HClEaThguL15N/Gg37Lri/qKyhRGZYzHRyLH8Stq3Aow0LsHO2O2ci86fCrNQ=="
    }
  }
}
